// !$*UTF8*$!
{
	archiveVersion = 1;
	classes = {
	};
	objectVersion = 46;
	objects = {

/* Begin PBXBuildFile section */
		1F0A85A815F73ABF0026FA28 /* ProjectStartScreenViewController.m in Sources */ = {isa = PBXBuildFile; fileRef = 1F0A85A715F73ABF0026FA28 /* ProjectStartScreenViewController.m */; };
		1F0A85B015F767140026FA28 /* ImportProjectViewController.m in Sources */ = {isa = PBXBuildFile; fileRef = 1F0A85AF15F767140026FA28 /* ImportProjectViewController.m */; };
		1F0A85B315F84D200026FA28 /* ProjectSettingsViewController.m in Sources */ = {isa = PBXBuildFile; fileRef = 1F0A85B215F84D200026FA28 /* ProjectSettingsViewController.m */; };
		1F0A85D1160457B00026FA28 /* MapKit.framework in Frameworks */ = {isa = PBXBuildFile; fileRef = 1F0A85CF160457B00026FA28 /* MapKit.framework */; };
		1F0A85D2160457B00026FA28 /* QuartzCore.framework in Frameworks */ = {isa = PBXBuildFile; fileRef = 1F0A85D0160457B00026FA28 /* QuartzCore.framework */; };
		1F0A85FF1604AB130026FA28 /* CFNetwork.framework in Frameworks */ = {isa = PBXBuildFile; fileRef = 1F0A85FE1604AB130026FA28 /* CFNetwork.framework */; };
		1F0A86011604AB210026FA28 /* MobileCoreServices.framework in Frameworks */ = {isa = PBXBuildFile; fileRef = 1F0A86001604AB210026FA28 /* MobileCoreServices.framework */; };
		1F0A86031604AB2F0026FA28 /* SystemConfiguration.framework in Frameworks */ = {isa = PBXBuildFile; fileRef = 1F0A86021604AB2F0026FA28 /* SystemConfiguration.framework */; };
		1F0A860516054A2F0026FA28 /* libxml2.dylib in Frameworks */ = {isa = PBXBuildFile; fileRef = 1F0A860416054A2F0026FA28 /* libxml2.dylib */; };
		1F40455715C2B10200805635 /* UIKit.framework in Frameworks */ = {isa = PBXBuildFile; fileRef = 1F40455615C2B10200805635 /* UIKit.framework */; };
		1F40455915C2B10200805635 /* Foundation.framework in Frameworks */ = {isa = PBXBuildFile; fileRef = 1F40455815C2B10200805635 /* Foundation.framework */; };
		1F40455B15C2B10200805635 /* CoreGraphics.framework in Frameworks */ = {isa = PBXBuildFile; fileRef = 1F40455A15C2B10200805635 /* CoreGraphics.framework */; };
		1F40456115C2B10200805635 /* InfoPlist.strings in Resources */ = {isa = PBXBuildFile; fileRef = 1F40455F15C2B10200805635 /* InfoPlist.strings */; };
		1F40456315C2B10200805635 /* main.m in Sources */ = {isa = PBXBuildFile; fileRef = 1F40456215C2B10200805635 /* main.m */; };
		1F40456715C2B10200805635 /* AppDelegate.m in Sources */ = {isa = PBXBuildFile; fileRef = 1F40456615C2B10200805635 /* AppDelegate.m */; };
		1F40456A15C2B10200805635 /* MainStoryboard.storyboard in Resources */ = {isa = PBXBuildFile; fileRef = 1F40456815C2B10200805635 /* MainStoryboard.storyboard */; };
		1F40457515C2B10200805635 /* SenTestingKit.framework in Frameworks */ = {isa = PBXBuildFile; fileRef = 1F40457415C2B10200805635 /* SenTestingKit.framework */; };
		1F40457615C2B10200805635 /* UIKit.framework in Frameworks */ = {isa = PBXBuildFile; fileRef = 1F40455615C2B10200805635 /* UIKit.framework */; };
		1F40457715C2B10200805635 /* Foundation.framework in Frameworks */ = {isa = PBXBuildFile; fileRef = 1F40455815C2B10200805635 /* Foundation.framework */; };
		1F40457F15C2B10200805635 /* InfoPlist.strings in Resources */ = {isa = PBXBuildFile; fileRef = 1F40457D15C2B10200805635 /* InfoPlist.strings */; };
		1F40458215C2B10200805635 /* WYSIWYATests.m in Sources */ = {isa = PBXBuildFile; fileRef = 1F40458115C2B10200805635 /* WYSIWYATests.m */; };
		1F40458D15C2BA1A00805635 /* TaskOld.m in Sources */ = {isa = PBXBuildFile; fileRef = 1F40458C15C2BA1A00805635 /* TaskOld.m */; };
		1F40459A15C60AF900805635 /* project_plan.xml in Resources */ = {isa = PBXBuildFile; fileRef = 1F40459915C60AF900805635 /* project_plan.xml */; };
		1F4045A315C68F5600805635 /* ProjectListViewController.m in Sources */ = {isa = PBXBuildFile; fileRef = 1F4045A215C68F5600805635 /* ProjectListViewController.m */; };
		1F99A8B116428A5400D3D628 /* TaskListViewController.m in Sources */ = {isa = PBXBuildFile; fileRef = 1F99A8B016428A5400D3D628 /* TaskListViewController.m */; };
		1F99A8B416428C3500D3D628 /* TaskListTableViewDesign.m in Sources */ = {isa = PBXBuildFile; fileRef = 1F99A8B316428C3500D3D628 /* TaskListTableViewDesign.m */; };
		1F99A8BD1645340600D3D628 /* IndentedUILabel.m in Sources */ = {isa = PBXBuildFile; fileRef = 1F99A8BC1645340600D3D628 /* IndentedUILabel.m */; };
		1F99A8C01645363200D3D628 /* TaskDetailViewController.m in Sources */ = {isa = PBXBuildFile; fileRef = 1F99A8BF1645363200D3D628 /* TaskDetailViewController.m */; };
		1F99A8C91646373000D3D628 /* background_create_project.png in Resources */ = {isa = PBXBuildFile; fileRef = 1F99A8C81646373000D3D628 /* background_create_project.png */; };
		1F99A8CE164687CA00D3D628 /* checkbox_ticked.png in Resources */ = {isa = PBXBuildFile; fileRef = 1F99A8CB164687CA00D3D628 /* checkbox_ticked.png */; };
		1F99A8CF164687CA00D3D628 /* checkbox_unticked.png in Resources */ = {isa = PBXBuildFile; fileRef = 1F99A8CC164687CA00D3D628 /* checkbox_unticked.png */; };
		1F99A8D11647D9FE00D3D628 /* background_task_details.png in Resources */ = {isa = PBXBuildFile; fileRef = 1F99A8D01647D9FE00D3D628 /* background_task_details.png */; };
		1FC93A6415D4B38E0004194B /* CoreDataController.m in Sources */ = {isa = PBXBuildFile; fileRef = 1FC93A6315D4B38E0004194B /* CoreDataController.m */; };
		1FC93A6715D4E0330004194B /* DataModel.xcdatamodeld in Sources */ = {isa = PBXBuildFile; fileRef = 1FC93A6515D4E0330004194B /* DataModel.xcdatamodeld */; };
		1FC93A9D15D4F46E0004194B /* CoreData.framework in Frameworks */ = {isa = PBXBuildFile; fileRef = 1FC93A9C15D4F46E0004194B /* CoreData.framework */; };
		1FC93AA715D698DB0004194B /* CreateProjectViewController.m in Sources */ = {isa = PBXBuildFile; fileRef = 1FC93AA615D698DB0004194B /* CreateProjectViewController.m */; };
		1FC93AAE15D783030004194B /* ProjectDetailsViewController.m in Sources */ = {isa = PBXBuildFile; fileRef = 1FC93AAD15D783030004194B /* ProjectDetailsViewController.m */; };
		1FC93AB215D8876E0004194B /* ProjectTasksViewController.m in Sources */ = {isa = PBXBuildFile; fileRef = 1FC93AB115D8876E0004194B /* ProjectTasksViewController.m */; };
		1FC93AB515D888280004194B /* ProjectTasksDetailViewController.m in Sources */ = {isa = PBXBuildFile; fileRef = 1FC93AB415D888280004194B /* ProjectTasksDetailViewController.m */; };
		1FC93AB815D8ADA50004194B /* ProjectResourcesViewController.m in Sources */ = {isa = PBXBuildFile; fileRef = 1FC93AB715D8ADA50004194B /* ProjectResourcesViewController.m */; };
		1FC93ABB15D8ADC30004194B /* ProjectResourcesDetailViewController.m in Sources */ = {isa = PBXBuildFile; fileRef = 1FC93ABA15D8ADC30004194B /* ProjectResourcesDetailViewController.m */; };
		1FCF5E3415E3202B00BA631C /* Project.m in Sources */ = {isa = PBXBuildFile; fileRef = 1FCF5E3315E3202A00BA631C /* Project.m */; };
		1FCF5E3715E3205000BA631C /* Attribute.m in Sources */ = {isa = PBXBuildFile; fileRef = 1FCF5E3615E3204B00BA631C /* Attribute.m */; };
		1FCF5E3D15E3208000BA631C /* Resource.m in Sources */ = {isa = PBXBuildFile; fileRef = 1FCF5E3C15E3207F00BA631C /* Resource.m */; };
		1FCF5E4015E3224B00BA631C /* TaskAttributeAllocation.m in Sources */ = {isa = PBXBuildFile; fileRef = 1FCF5E3F15E3224B00BA631C /* TaskAttributeAllocation.m */; };
		1FCF5E4315E3225D00BA631C /* TaskResourceAllocation.m in Sources */ = {isa = PBXBuildFile; fileRef = 1FCF5E4215E3225C00BA631C /* TaskResourceAllocation.m */; };
		1FCF5E4615E3226800BA631C /* ProjectSettings.m in Sources */ = {isa = PBXBuildFile; fileRef = 1FCF5E4515E3226800BA631C /* ProjectSettings.m */; };
		1FCF5E4915E332DA00BA631C /* Task.m in Sources */ = {isa = PBXBuildFile; fileRef = 1FCF5E4815E332D900BA631C /* Task.m */; };
		1FCF5E5515E60BFB00BA631C /* import_project.png in Resources */ = {isa = PBXBuildFile; fileRef = 1FCF5E4E15E60BF600BA631C /* import_project.png */; };
		1FCF5E5615E60BFB00BA631C /* new_project.png in Resources */ = {isa = PBXBuildFile; fileRef = 1FCF5E4F15E60BF700BA631C /* new_project.png */; };
		1FCF5E5715E60BFB00BA631C /* open_project.png in Resources */ = {isa = PBXBuildFile; fileRef = 1FCF5E5015E60BF900BA631C /* open_project.png */; };
		1FCF5E5915EAFD6D00BA631C /* WYSIWYA-Main.storyboard in Resources */ = {isa = PBXBuildFile; fileRef = 1FCF5E5815EAFD6B00BA631C /* WYSIWYA-Main.storyboard */; };
		1FD0B0EA163E7FEE0030F286 /* SharedData.m in Sources */ = {isa = PBXBuildFile; fileRef = 1FD0B0E9163E7FEE0030F286 /* SharedData.m */; };
		1FEF04A1161BC34F000A9830 /* RemoteDataController.m in Sources */ = {isa = PBXBuildFile; fileRef = 1FEF04A0161BC34F000A9830 /* RemoteDataController.m */; };
		1FEF04AA161C219B000A9830 /* LoadProgressViewController.m in Sources */ = {isa = PBXBuildFile; fileRef = 1FEF04A9161C219B000A9830 /* LoadProgressViewController.m */; };
		1FF697CE15DD1E0F004C3749 /* wysiwya_logo.png in Resources */ = {isa = PBXBuildFile; fileRef = 1FF697C715DD1E0F004C3749 /* wysiwya_logo.png */; };
		1FF697CF15DD1E0F004C3749 /* checked_light.png in Resources */ = {isa = PBXBuildFile; fileRef = 1FF697C815DD1E0F004C3749 /* checked_light.png */; };
		1FF697D015DD1E0F004C3749 /* darkred_light.png in Resources */ = {isa = PBXBuildFile; fileRef = 1FF697C915DD1E0F004C3749 /* darkred_light.png */; };
		1FF697D115DD1E0F004C3749 /* grey_light.png in Resources */ = {isa = PBXBuildFile; fileRef = 1FF697CA15DD1E0F004C3749 /* grey_light.png */; };
		1FF697D215DD1E0F004C3749 /* red_light.png in Resources */ = {isa = PBXBuildFile; fileRef = 1FF697CB15DD1E0F004C3749 /* red_light.png */; };
		1FF697D315DD1E0F004C3749 /* amber_light.png in Resources */ = {isa = PBXBuildFile; fileRef = 1FF697CC15DD1E0F004C3749 /* amber_light.png */; };
		1FF697D415DD1E0F004C3749 /* green_light.png in Resources */ = {isa = PBXBuildFile; fileRef = 1FF697CD15DD1E0F004C3749 /* green_light.png */; };
		1FF697D715DDEE45004C3749 /* people_icon.png in Resources */ = {isa = PBXBuildFile; fileRef = 1FF697D515DDEE45004C3749 /* people_icon.png */; };
		1FF697D815DDEE45004C3749 /* tasks_icon.png in Resources */ = {isa = PBXBuildFile; fileRef = 1FF697D615DDEE45004C3749 /* tasks_icon.png */; };
		1FFB62AA164FB3F7009BFDC8 /* TaskCellView.m in Sources */ = {isa = PBXBuildFile; fileRef = 1FFB62A9164FB3F7009BFDC8 /* TaskCellView.m */; };
		1FFB62B1164FBB02009BFDC8 /* icon_status_amber.png in Resources */ = {isa = PBXBuildFile; fileRef = 1FFB62AB164FBB00009BFDC8 /* icon_status_amber.png */; };
		1FFB62B2164FBB02009BFDC8 /* icon_status_checked.png in Resources */ = {isa = PBXBuildFile; fileRef = 1FFB62AC164FBB00009BFDC8 /* icon_status_checked.png */; };
		1FFB62B3164FBB02009BFDC8 /* icon_status_darkred.png in Resources */ = {isa = PBXBuildFile; fileRef = 1FFB62AD164FBB00009BFDC8 /* icon_status_darkred.png */; };
		1FFB62B4164FBB02009BFDC8 /* icon_status_green.png in Resources */ = {isa = PBXBuildFile; fileRef = 1FFB62AE164FBB00009BFDC8 /* icon_status_green.png */; };
		1FFB62B5164FBB02009BFDC8 /* icon_status_grey.png in Resources */ = {isa = PBXBuildFile; fileRef = 1FFB62AF164FBB01009BFDC8 /* icon_status_grey.png */; };
		1FFB62B6164FBB02009BFDC8 /* icon_status_red.png in Resources */ = {isa = PBXBuildFile; fileRef = 1FFB62B0164FBB01009BFDC8 /* icon_status_red.png */; };
		1FFB62CF164FC35E009BFDC8 /* cell_bottmmid_grey.png in Resources */ = {isa = PBXBuildFile; fileRef = 1FFB62B7164FC356009BFDC8 /* cell_bottmmid_grey.png */; };
		1FFB62D0164FC35E009BFDC8 /* cell_bottomleft_grey.png in Resources */ = {isa = PBXBuildFile; fileRef = 1FFB62B8164FC356009BFDC8 /* cell_bottomleft_grey.png */; };
		1FFB62D1164FC35E009BFDC8 /* cell_bottomleft_highlight.png in Resources */ = {isa = PBXBuildFile; fileRef = 1FFB62B9164FC356009BFDC8 /* cell_bottomleft_highlight.png */; };
		1FFB62D2164FC35E009BFDC8 /* cell_bottomleft_white.png in Resources */ = {isa = PBXBuildFile; fileRef = 1FFB62BA164FC356009BFDC8 /* cell_bottomleft_white.png */; };
		1FFB62D3164FC35E009BFDC8 /* cell_bottommid_highlight.png in Resources */ = {isa = PBXBuildFile; fileRef = 1FFB62BB164FC357009BFDC8 /* cell_bottommid_highlight.png */; };
		1FFB62D4164FC35E009BFDC8 /* cell_bottommid_white.png in Resources */ = {isa = PBXBuildFile; fileRef = 1FFB62BC164FC357009BFDC8 /* cell_bottommid_white.png */; };
		1FFB62D5164FC35E009BFDC8 /* cell_bottomright_grey.png in Resources */ = {isa = PBXBuildFile; fileRef = 1FFB62BD164FC357009BFDC8 /* cell_bottomright_grey.png */; };
		1FFB62D6164FC35E009BFDC8 /* cell_bottomright_highlight.png in Resources */ = {isa = PBXBuildFile; fileRef = 1FFB62BE164FC358009BFDC8 /* cell_bottomright_highlight.png */; };
		1FFB62D7164FC35E009BFDC8 /* cell_bottomright_white.png in Resources */ = {isa = PBXBuildFile; fileRef = 1FFB62BF164FC358009BFDC8 /* cell_bottomright_white.png */; };
		1FFB62D8164FC35E009BFDC8 /* cell_left_grey.png in Resources */ = {isa = PBXBuildFile; fileRef = 1FFB62C0164FC359009BFDC8 /* cell_left_grey.png */; };
		1FFB62D9164FC35E009BFDC8 /* cell_left_highlight.png in Resources */ = {isa = PBXBuildFile; fileRef = 1FFB62C1164FC359009BFDC8 /* cell_left_highlight.png */; };
		1FFB62DA164FC35E009BFDC8 /* cell_left_white.png in Resources */ = {isa = PBXBuildFile; fileRef = 1FFB62C2164FC35A009BFDC8 /* cell_left_white.png */; };
		1FFB62DB164FC35E009BFDC8 /* cell_mid_grey.png in Resources */ = {isa = PBXBuildFile; fileRef = 1FFB62C3164FC35A009BFDC8 /* cell_mid_grey.png */; };
		1FFB62DC164FC35E009BFDC8 /* cell_mid_highlight.png in Resources */ = {isa = PBXBuildFile; fileRef = 1FFB62C4164FC35A009BFDC8 /* cell_mid_highlight.png */; };
		1FFB62DD164FC35E009BFDC8 /* cell_mid_white.png in Resources */ = {isa = PBXBuildFile; fileRef = 1FFB62C5164FC35B009BFDC8 /* cell_mid_white.png */; };
		1FFB62DE164FC35E009BFDC8 /* cell_right_grey.png in Resources */ = {isa = PBXBuildFile; fileRef = 1FFB62C6164FC35B009BFDC8 /* cell_right_grey.png */; };
		1FFB62DF164FC35E009BFDC8 /* cell_right_highlight.png in Resources */ = {isa = PBXBuildFile; fileRef = 1FFB62C7164FC35C009BFDC8 /* cell_right_highlight.png */; };
		1FFB62E0164FC35E009BFDC8 /* cell_right_white.png in Resources */ = {isa = PBXBuildFile; fileRef = 1FFB62C8164FC35C009BFDC8 /* cell_right_white.png */; };
		1FFB62E1164FC35E009BFDC8 /* cell_topleft_grey.png in Resources */ = {isa = PBXBuildFile; fileRef = 1FFB62C9164FC35C009BFDC8 /* cell_topleft_grey.png */; };
		1FFB62E2164FC35E009BFDC8 /* cell_topleft_highlight.png in Resources */ = {isa = PBXBuildFile; fileRef = 1FFB62CA164FC35D009BFDC8 /* cell_topleft_highlight.png */; };
		1FFB62E3164FC35E009BFDC8 /* cell_topmid_grey.png in Resources */ = {isa = PBXBuildFile; fileRef = 1FFB62CB164FC35D009BFDC8 /* cell_topmid_grey.png */; };
		1FFB62E4164FC35E009BFDC8 /* cell_topmid_highlight.png in Resources */ = {isa = PBXBuildFile; fileRef = 1FFB62CC164FC35D009BFDC8 /* cell_topmid_highlight.png */; };
		1FFB62E5164FC35E009BFDC8 /* cell_topright_grey.png in Resources */ = {isa = PBXBuildFile; fileRef = 1FFB62CD164FC35D009BFDC8 /* cell_topright_grey.png */; };
		1FFB62E6164FC35E009BFDC8 /* cell_topright_highlight.png in Resources */ = {isa = PBXBuildFile; fileRef = 1FFB62CE164FC35E009BFDC8 /* cell_topright_highlight.png */; };
		1FFB62E9165122B6009BFDC8 /* Role.m in Sources */ = {isa = PBXBuildFile; fileRef = 1FFB62E8165122B5009BFDC8 /* Role.m */; };
		1FFB62ED1653A971009BFDC8 /* button_delete.png in Resources */ = {isa = PBXBuildFile; fileRef = 1FFB62EA1653A96F009BFDC8 /* button_delete.png */; };
		1FFB62EE1653A971009BFDC8 /* button_info.png in Resources */ = {isa = PBXBuildFile; fileRef = 1FFB62EB1653A96F009BFDC8 /* button_info.png */; };
		1FFB62EF1653A971009BFDC8 /* button_new.png in Resources */ = {isa = PBXBuildFile; fileRef = 1FFB62EC1653A970009BFDC8 /* button_new.png */; };
		1FFB62F11653C3C9009BFDC8 /* slider.png in Resources */ = {isa = PBXBuildFile; fileRef = 1FFB62F01653C3C9009BFDC8 /* slider.png */; };
/* End PBXBuildFile section */

/* Begin PBXContainerItemProxy section */
		1F40457815C2B10200805635 /* PBXContainerItemProxy */ = {
			isa = PBXContainerItemProxy;
			containerPortal = 1F40454915C2B10100805635 /* Project object */;
			proxyType = 1;
			remoteGlobalIDString = 1F40455115C2B10100805635;
			remoteInfo = WYSIWYA;
		};
/* End PBXContainerItemProxy section */

/* Begin PBXFileReference section */
		1F0A85A615F73ABF0026FA28 /* ProjectStartScreenViewController.h */ = {isa = PBXFileReference; fileEncoding = 4; lastKnownFileType = sourcecode.c.h; path = ProjectStartScreenViewController.h; sourceTree = "<group>"; };
		1F0A85A715F73ABF0026FA28 /* ProjectStartScreenViewController.m */ = {isa = PBXFileReference; fileEncoding = 4; lastKnownFileType = sourcecode.c.objc; path = ProjectStartScreenViewController.m; sourceTree = "<group>"; };
		1F0A85AE15F767140026FA28 /* ImportProjectViewController.h */ = {isa = PBXFileReference; fileEncoding = 4; lastKnownFileType = sourcecode.c.h; path = ImportProjectViewController.h; sourceTree = "<group>"; };
		1F0A85AF15F767140026FA28 /* ImportProjectViewController.m */ = {isa = PBXFileReference; fileEncoding = 4; lastKnownFileType = sourcecode.c.objc; path = ImportProjectViewController.m; sourceTree = "<group>"; };
		1F0A85B115F84D1F0026FA28 /* ProjectSettingsViewController.h */ = {isa = PBXFileReference; fileEncoding = 4; lastKnownFileType = sourcecode.c.h; path = ProjectSettingsViewController.h; sourceTree = "<group>"; };
		1F0A85B215F84D200026FA28 /* ProjectSettingsViewController.m */ = {isa = PBXFileReference; fileEncoding = 4; lastKnownFileType = sourcecode.c.objc; path = ProjectSettingsViewController.m; sourceTree = "<group>"; };
		1F0A85CF160457B00026FA28 /* MapKit.framework */ = {isa = PBXFileReference; lastKnownFileType = wrapper.framework; name = MapKit.framework; path = System/Library/Frameworks/MapKit.framework; sourceTree = SDKROOT; };
		1F0A85D0160457B00026FA28 /* QuartzCore.framework */ = {isa = PBXFileReference; lastKnownFileType = wrapper.framework; name = QuartzCore.framework; path = System/Library/Frameworks/QuartzCore.framework; sourceTree = SDKROOT; };
		1F0A85FE1604AB130026FA28 /* CFNetwork.framework */ = {isa = PBXFileReference; lastKnownFileType = wrapper.framework; name = CFNetwork.framework; path = System/Library/Frameworks/CFNetwork.framework; sourceTree = SDKROOT; };
		1F0A86001604AB210026FA28 /* MobileCoreServices.framework */ = {isa = PBXFileReference; lastKnownFileType = wrapper.framework; name = MobileCoreServices.framework; path = System/Library/Frameworks/MobileCoreServices.framework; sourceTree = SDKROOT; };
		1F0A86021604AB2F0026FA28 /* SystemConfiguration.framework */ = {isa = PBXFileReference; lastKnownFileType = wrapper.framework; name = SystemConfiguration.framework; path = System/Library/Frameworks/SystemConfiguration.framework; sourceTree = SDKROOT; };
		1F0A860416054A2F0026FA28 /* libxml2.dylib */ = {isa = PBXFileReference; lastKnownFileType = "compiled.mach-o.dylib"; name = libxml2.dylib; path = usr/lib/libxml2.dylib; sourceTree = SDKROOT; };
		1F40455215C2B10100805635 /* WYSIWYA.app */ = {isa = PBXFileReference; explicitFileType = wrapper.application; includeInIndex = 0; path = WYSIWYA.app; sourceTree = BUILT_PRODUCTS_DIR; };
		1F40455615C2B10200805635 /* UIKit.framework */ = {isa = PBXFileReference; lastKnownFileType = wrapper.framework; name = UIKit.framework; path = System/Library/Frameworks/UIKit.framework; sourceTree = SDKROOT; };
		1F40455815C2B10200805635 /* Foundation.framework */ = {isa = PBXFileReference; lastKnownFileType = wrapper.framework; name = Foundation.framework; path = System/Library/Frameworks/Foundation.framework; sourceTree = SDKROOT; };
		1F40455A15C2B10200805635 /* CoreGraphics.framework */ = {isa = PBXFileReference; lastKnownFileType = wrapper.framework; name = CoreGraphics.framework; path = System/Library/Frameworks/CoreGraphics.framework; sourceTree = SDKROOT; };
		1F40455E15C2B10200805635 /* WYSIWYA-Info.plist */ = {isa = PBXFileReference; lastKnownFileType = text.plist.xml; path = "WYSIWYA-Info.plist"; sourceTree = "<group>"; };
		1F40456015C2B10200805635 /* en */ = {isa = PBXFileReference; lastKnownFileType = text.plist.strings; name = en; path = en.lproj/InfoPlist.strings; sourceTree = "<group>"; };
		1F40456215C2B10200805635 /* main.m */ = {isa = PBXFileReference; lastKnownFileType = sourcecode.c.objc; path = main.m; sourceTree = "<group>"; };
		1F40456415C2B10200805635 /* WYSIWYA-Prefix.pch */ = {isa = PBXFileReference; lastKnownFileType = sourcecode.c.h; path = "WYSIWYA-Prefix.pch"; sourceTree = "<group>"; };
		1F40456515C2B10200805635 /* AppDelegate.h */ = {isa = PBXFileReference; lastKnownFileType = sourcecode.c.h; path = AppDelegate.h; sourceTree = "<group>"; };
		1F40456615C2B10200805635 /* AppDelegate.m */ = {isa = PBXFileReference; lastKnownFileType = sourcecode.c.objc; path = AppDelegate.m; sourceTree = "<group>"; };
		1F40456915C2B10200805635 /* en */ = {isa = PBXFileReference; lastKnownFileType = file.storyboard; name = en; path = en.lproj/MainStoryboard.storyboard; sourceTree = "<group>"; };
		1F40457315C2B10200805635 /* WYSIWYATests.octest */ = {isa = PBXFileReference; explicitFileType = wrapper.cfbundle; includeInIndex = 0; path = WYSIWYATests.octest; sourceTree = BUILT_PRODUCTS_DIR; };
		1F40457415C2B10200805635 /* SenTestingKit.framework */ = {isa = PBXFileReference; lastKnownFileType = wrapper.framework; name = SenTestingKit.framework; path = Library/Frameworks/SenTestingKit.framework; sourceTree = DEVELOPER_DIR; };
		1F40457C15C2B10200805635 /* WYSIWYATests-Info.plist */ = {isa = PBXFileReference; lastKnownFileType = text.plist.xml; path = "WYSIWYATests-Info.plist"; sourceTree = "<group>"; };
		1F40457E15C2B10200805635 /* en */ = {isa = PBXFileReference; lastKnownFileType = text.plist.strings; name = en; path = en.lproj/InfoPlist.strings; sourceTree = "<group>"; };
		1F40458015C2B10200805635 /* WYSIWYATests.h */ = {isa = PBXFileReference; lastKnownFileType = sourcecode.c.h; path = WYSIWYATests.h; sourceTree = "<group>"; };
		1F40458115C2B10200805635 /* WYSIWYATests.m */ = {isa = PBXFileReference; lastKnownFileType = sourcecode.c.objc; path = WYSIWYATests.m; sourceTree = "<group>"; };
		1F40458B15C2BA1A00805635 /* TaskOld.h */ = {isa = PBXFileReference; fileEncoding = 4; lastKnownFileType = sourcecode.c.h; path = TaskOld.h; sourceTree = "<group>"; };
		1F40458C15C2BA1A00805635 /* TaskOld.m */ = {isa = PBXFileReference; fileEncoding = 4; lastKnownFileType = sourcecode.c.objc; path = TaskOld.m; sourceTree = "<group>"; };
		1F40459915C60AF900805635 /* project_plan.xml */ = {isa = PBXFileReference; fileEncoding = 4; lastKnownFileType = text.xml; path = project_plan.xml; sourceTree = "<group>"; };
		1F4045A115C68F5600805635 /* ProjectListViewController.h */ = {isa = PBXFileReference; fileEncoding = 4; lastKnownFileType = sourcecode.c.h; path = ProjectListViewController.h; sourceTree = "<group>"; };
		1F4045A215C68F5600805635 /* ProjectListViewController.m */ = {isa = PBXFileReference; fileEncoding = 4; lastKnownFileType = sourcecode.c.objc; path = ProjectListViewController.m; sourceTree = "<group>"; };
		1F99A8AF16428A5400D3D628 /* TaskListViewController.h */ = {isa = PBXFileReference; fileEncoding = 4; lastKnownFileType = sourcecode.c.h; name = TaskListViewController.h; path = ../TaskListViewController.h; sourceTree = "<group>"; };
		1F99A8B016428A5400D3D628 /* TaskListViewController.m */ = {isa = PBXFileReference; fileEncoding = 4; lastKnownFileType = sourcecode.c.objc; name = TaskListViewController.m; path = ../TaskListViewController.m; sourceTree = "<group>"; };
		1F99A8B216428C3500D3D628 /* TaskListTableViewDesign.h */ = {isa = PBXFileReference; fileEncoding = 4; lastKnownFileType = sourcecode.c.h; path = TaskListTableViewDesign.h; sourceTree = "<group>"; };
		1F99A8B316428C3500D3D628 /* TaskListTableViewDesign.m */ = {isa = PBXFileReference; fileEncoding = 4; lastKnownFileType = sourcecode.c.objc; path = TaskListTableViewDesign.m; sourceTree = "<group>"; };
		1F99A8BB1645340600D3D628 /* IndentedUILabel.h */ = {isa = PBXFileReference; fileEncoding = 4; lastKnownFileType = sourcecode.c.h; path = IndentedUILabel.h; sourceTree = "<group>"; };
		1F99A8BC1645340600D3D628 /* IndentedUILabel.m */ = {isa = PBXFileReference; fileEncoding = 4; lastKnownFileType = sourcecode.c.objc; path = IndentedUILabel.m; sourceTree = "<group>"; };
		1F99A8BE1645363200D3D628 /* TaskDetailViewController.h */ = {isa = PBXFileReference; fileEncoding = 4; lastKnownFileType = sourcecode.c.h; name = TaskDetailViewController.h; path = ../TaskDetailViewController.h; sourceTree = "<group>"; };
		1F99A8BF1645363200D3D628 /* TaskDetailViewController.m */ = {isa = PBXFileReference; fileEncoding = 4; lastKnownFileType = sourcecode.c.objc; name = TaskDetailViewController.m; path = ../TaskDetailViewController.m; sourceTree = "<group>"; };
		1F99A8C81646373000D3D628 /* background_create_project.png */ = {isa = PBXFileReference; lastKnownFileType = image.png; path = background_create_project.png; sourceTree = "<group>"; };
		1F99A8CB164687CA00D3D628 /* checkbox_ticked.png */ = {isa = PBXFileReference; lastKnownFileType = image.png; path = checkbox_ticked.png; sourceTree = "<group>"; };
		1F99A8CC164687CA00D3D628 /* checkbox_unticked.png */ = {isa = PBXFileReference; lastKnownFileType = image.png; path = checkbox_unticked.png; sourceTree = "<group>"; };
		1F99A8D01647D9FE00D3D628 /* background_task_details.png */ = {isa = PBXFileReference; lastKnownFileType = image.png; path = background_task_details.png; sourceTree = "<group>"; };
		1FC93A6215D4B38E0004194B /* CoreDataController.h */ = {isa = PBXFileReference; fileEncoding = 4; lastKnownFileType = sourcecode.c.h; path = CoreDataController.h; sourceTree = "<group>"; };
		1FC93A6315D4B38E0004194B /* CoreDataController.m */ = {isa = PBXFileReference; fileEncoding = 4; lastKnownFileType = sourcecode.c.objc; path = CoreDataController.m; sourceTree = "<group>"; };
		1FC93A6615D4E0330004194B /* DataModel.xcdatamodel */ = {isa = PBXFileReference; lastKnownFileType = wrapper.xcdatamodel; path = DataModel.xcdatamodel; sourceTree = "<group>"; };
		1FC93A9C15D4F46E0004194B /* CoreData.framework */ = {isa = PBXFileReference; lastKnownFileType = wrapper.framework; name = CoreData.framework; path = System/Library/Frameworks/CoreData.framework; sourceTree = SDKROOT; };
		1FC93AA515D698DB0004194B /* CreateProjectViewController.h */ = {isa = PBXFileReference; fileEncoding = 4; lastKnownFileType = sourcecode.c.h; path = CreateProjectViewController.h; sourceTree = "<group>"; };
		1FC93AA615D698DB0004194B /* CreateProjectViewController.m */ = {isa = PBXFileReference; fileEncoding = 4; lastKnownFileType = sourcecode.c.objc; path = CreateProjectViewController.m; sourceTree = "<group>"; };
		1FC93AAC15D783030004194B /* ProjectDetailsViewController.h */ = {isa = PBXFileReference; fileEncoding = 4; lastKnownFileType = sourcecode.c.h; path = ProjectDetailsViewController.h; sourceTree = "<group>"; };
		1FC93AAD15D783030004194B /* ProjectDetailsViewController.m */ = {isa = PBXFileReference; fileEncoding = 4; lastKnownFileType = sourcecode.c.objc; path = ProjectDetailsViewController.m; sourceTree = "<group>"; };
		1FC93AB015D8876D0004194B /* ProjectTasksViewController.h */ = {isa = PBXFileReference; fileEncoding = 4; lastKnownFileType = sourcecode.c.h; path = ProjectTasksViewController.h; sourceTree = "<group>"; };
		1FC93AB115D8876E0004194B /* ProjectTasksViewController.m */ = {isa = PBXFileReference; fileEncoding = 4; lastKnownFileType = sourcecode.c.objc; path = ProjectTasksViewController.m; sourceTree = "<group>"; };
		1FC93AB315D888280004194B /* ProjectTasksDetailViewController.h */ = {isa = PBXFileReference; fileEncoding = 4; lastKnownFileType = sourcecode.c.h; path = ProjectTasksDetailViewController.h; sourceTree = "<group>"; };
		1FC93AB415D888280004194B /* ProjectTasksDetailViewController.m */ = {isa = PBXFileReference; fileEncoding = 4; lastKnownFileType = sourcecode.c.objc; path = ProjectTasksDetailViewController.m; sourceTree = "<group>"; };
		1FC93AB615D8ADA50004194B /* ProjectResourcesViewController.h */ = {isa = PBXFileReference; fileEncoding = 4; lastKnownFileType = sourcecode.c.h; path = ProjectResourcesViewController.h; sourceTree = "<group>"; };
		1FC93AB715D8ADA50004194B /* ProjectResourcesViewController.m */ = {isa = PBXFileReference; fileEncoding = 4; lastKnownFileType = sourcecode.c.objc; path = ProjectResourcesViewController.m; sourceTree = "<group>"; };
		1FC93AB915D8ADC30004194B /* ProjectResourcesDetailViewController.h */ = {isa = PBXFileReference; fileEncoding = 4; lastKnownFileType = sourcecode.c.h; path = ProjectResourcesDetailViewController.h; sourceTree = "<group>"; };
		1FC93ABA15D8ADC30004194B /* ProjectResourcesDetailViewController.m */ = {isa = PBXFileReference; fileEncoding = 4; lastKnownFileType = sourcecode.c.objc; path = ProjectResourcesDetailViewController.m; sourceTree = "<group>"; };
		1FCF5E3215E3202A00BA631C /* Project.h */ = {isa = PBXFileReference; fileEncoding = 4; lastKnownFileType = sourcecode.c.h; path = Project.h; sourceTree = "<group>"; };
		1FCF5E3315E3202A00BA631C /* Project.m */ = {isa = PBXFileReference; fileEncoding = 4; lastKnownFileType = sourcecode.c.objc; path = Project.m; sourceTree = "<group>"; };
		1FCF5E3515E3204A00BA631C /* Attribute.h */ = {isa = PBXFileReference; fileEncoding = 4; lastKnownFileType = sourcecode.c.h; path = Attribute.h; sourceTree = "<group>"; };
		1FCF5E3615E3204B00BA631C /* Attribute.m */ = {isa = PBXFileReference; fileEncoding = 4; lastKnownFileType = sourcecode.c.objc; path = Attribute.m; sourceTree = "<group>"; };
		1FCF5E3B15E3207F00BA631C /* Resource.h */ = {isa = PBXFileReference; fileEncoding = 4; lastKnownFileType = sourcecode.c.h; name = Resource.h; path = ../Resource.h; sourceTree = "<group>"; };
		1FCF5E3C15E3207F00BA631C /* Resource.m */ = {isa = PBXFileReference; fileEncoding = 4; lastKnownFileType = sourcecode.c.objc; name = Resource.m; path = ../Resource.m; sourceTree = "<group>"; };
		1FCF5E3E15E3224A00BA631C /* TaskAttributeAllocation.h */ = {isa = PBXFileReference; fileEncoding = 4; lastKnownFileType = sourcecode.c.h; path = TaskAttributeAllocation.h; sourceTree = "<group>"; };
		1FCF5E3F15E3224B00BA631C /* TaskAttributeAllocation.m */ = {isa = PBXFileReference; fileEncoding = 4; lastKnownFileType = sourcecode.c.objc; path = TaskAttributeAllocation.m; sourceTree = "<group>"; };
		1FCF5E4115E3225C00BA631C /* TaskResourceAllocation.h */ = {isa = PBXFileReference; fileEncoding = 4; lastKnownFileType = sourcecode.c.h; path = TaskResourceAllocation.h; sourceTree = "<group>"; };
		1FCF5E4215E3225C00BA631C /* TaskResourceAllocation.m */ = {isa = PBXFileReference; fileEncoding = 4; lastKnownFileType = sourcecode.c.objc; path = TaskResourceAllocation.m; sourceTree = "<group>"; };
		1FCF5E4415E3226800BA631C /* ProjectSettings.h */ = {isa = PBXFileReference; fileEncoding = 4; lastKnownFileType = sourcecode.c.h; name = ProjectSettings.h; path = ../ProjectSettings.h; sourceTree = "<group>"; };
		1FCF5E4515E3226800BA631C /* ProjectSettings.m */ = {isa = PBXFileReference; fileEncoding = 4; lastKnownFileType = sourcecode.c.objc; name = ProjectSettings.m; path = ../ProjectSettings.m; sourceTree = "<group>"; };
		1FCF5E4715E332D900BA631C /* Task.h */ = {isa = PBXFileReference; fileEncoding = 4; lastKnownFileType = sourcecode.c.h; path = Task.h; sourceTree = "<group>"; };
		1FCF5E4815E332D900BA631C /* Task.m */ = {isa = PBXFileReference; fileEncoding = 4; lastKnownFileType = sourcecode.c.objc; path = Task.m; sourceTree = "<group>"; };
		1FCF5E4E15E60BF600BA631C /* import_project.png */ = {isa = PBXFileReference; lastKnownFileType = image.png; path = import_project.png; sourceTree = "<group>"; };
		1FCF5E4F15E60BF700BA631C /* new_project.png */ = {isa = PBXFileReference; lastKnownFileType = image.png; path = new_project.png; sourceTree = "<group>"; };
		1FCF5E5015E60BF900BA631C /* open_project.png */ = {isa = PBXFileReference; lastKnownFileType = image.png; path = open_project.png; sourceTree = "<group>"; };
		1FCF5E5815EAFD6B00BA631C /* WYSIWYA-Main.storyboard */ = {isa = PBXFileReference; fileEncoding = 4; lastKnownFileType = file.storyboard; path = "WYSIWYA-Main.storyboard"; sourceTree = "<group>"; };
		1FD0B0E8163E7FEE0030F286 /* SharedData.h */ = {isa = PBXFileReference; fileEncoding = 4; lastKnownFileType = sourcecode.c.h; path = SharedData.h; sourceTree = "<group>"; };
		1FD0B0E9163E7FEE0030F286 /* SharedData.m */ = {isa = PBXFileReference; fileEncoding = 4; lastKnownFileType = sourcecode.c.objc; path = SharedData.m; sourceTree = "<group>"; };
		1FEF049F161BC34F000A9830 /* RemoteDataController.h */ = {isa = PBXFileReference; fileEncoding = 4; lastKnownFileType = sourcecode.c.h; path = RemoteDataController.h; sourceTree = "<group>"; };
		1FEF04A0161BC34F000A9830 /* RemoteDataController.m */ = {isa = PBXFileReference; fileEncoding = 4; lastKnownFileType = sourcecode.c.objc; path = RemoteDataController.m; sourceTree = "<group>"; };
		1FEF04A8161C219B000A9830 /* LoadProgressViewController.h */ = {isa = PBXFileReference; fileEncoding = 4; lastKnownFileType = sourcecode.c.h; path = LoadProgressViewController.h; sourceTree = "<group>"; };
		1FEF04A9161C219B000A9830 /* LoadProgressViewController.m */ = {isa = PBXFileReference; fileEncoding = 4; lastKnownFileType = sourcecode.c.objc; path = LoadProgressViewController.m; sourceTree = "<group>"; };
		1FF697C715DD1E0F004C3749 /* wysiwya_logo.png */ = {isa = PBXFileReference; lastKnownFileType = image.png; path = wysiwya_logo.png; sourceTree = "<group>"; };
		1FF697C815DD1E0F004C3749 /* checked_light.png */ = {isa = PBXFileReference; lastKnownFileType = image.png; path = checked_light.png; sourceTree = "<group>"; };
		1FF697C915DD1E0F004C3749 /* darkred_light.png */ = {isa = PBXFileReference; lastKnownFileType = image.png; path = darkred_light.png; sourceTree = "<group>"; };
		1FF697CA15DD1E0F004C3749 /* grey_light.png */ = {isa = PBXFileReference; lastKnownFileType = image.png; path = grey_light.png; sourceTree = "<group>"; };
		1FF697CB15DD1E0F004C3749 /* red_light.png */ = {isa = PBXFileReference; lastKnownFileType = image.png; path = red_light.png; sourceTree = "<group>"; };
		1FF697CC15DD1E0F004C3749 /* amber_light.png */ = {isa = PBXFileReference; lastKnownFileType = image.png; path = amber_light.png; sourceTree = "<group>"; };
		1FF697CD15DD1E0F004C3749 /* green_light.png */ = {isa = PBXFileReference; lastKnownFileType = image.png; path = green_light.png; sourceTree = "<group>"; };
		1FF697D515DDEE45004C3749 /* people_icon.png */ = {isa = PBXFileReference; lastKnownFileType = image.png; path = people_icon.png; sourceTree = "<group>"; };
		1FF697D615DDEE45004C3749 /* tasks_icon.png */ = {isa = PBXFileReference; lastKnownFileType = image.png; path = tasks_icon.png; sourceTree = "<group>"; };
		1FFB62A8164FB3F6009BFDC8 /* TaskCellView.h */ = {isa = PBXFileReference; fileEncoding = 4; lastKnownFileType = sourcecode.c.h; path = TaskCellView.h; sourceTree = "<group>"; };
		1FFB62A9164FB3F7009BFDC8 /* TaskCellView.m */ = {isa = PBXFileReference; fileEncoding = 4; lastKnownFileType = sourcecode.c.objc; path = TaskCellView.m; sourceTree = "<group>"; };
		1FFB62AB164FBB00009BFDC8 /* icon_status_amber.png */ = {isa = PBXFileReference; lastKnownFileType = image.png; path = icon_status_amber.png; sourceTree = "<group>"; };
		1FFB62AC164FBB00009BFDC8 /* icon_status_checked.png */ = {isa = PBXFileReference; lastKnownFileType = image.png; path = icon_status_checked.png; sourceTree = "<group>"; };
		1FFB62AD164FBB00009BFDC8 /* icon_status_darkred.png */ = {isa = PBXFileReference; lastKnownFileType = image.png; path = icon_status_darkred.png; sourceTree = "<group>"; };
		1FFB62AE164FBB00009BFDC8 /* icon_status_green.png */ = {isa = PBXFileReference; lastKnownFileType = image.png; path = icon_status_green.png; sourceTree = "<group>"; };
		1FFB62AF164FBB01009BFDC8 /* icon_status_grey.png */ = {isa = PBXFileReference; lastKnownFileType = image.png; path = icon_status_grey.png; sourceTree = "<group>"; };
		1FFB62B0164FBB01009BFDC8 /* icon_status_red.png */ = {isa = PBXFileReference; lastKnownFileType = image.png; path = icon_status_red.png; sourceTree = "<group>"; };
		1FFB62B7164FC356009BFDC8 /* cell_bottmmid_grey.png */ = {isa = PBXFileReference; lastKnownFileType = image.png; path = cell_bottmmid_grey.png; sourceTree = "<group>"; };
		1FFB62B8164FC356009BFDC8 /* cell_bottomleft_grey.png */ = {isa = PBXFileReference; lastKnownFileType = image.png; path = cell_bottomleft_grey.png; sourceTree = "<group>"; };
		1FFB62B9164FC356009BFDC8 /* cell_bottomleft_highlight.png */ = {isa = PBXFileReference; lastKnownFileType = image.png; path = cell_bottomleft_highlight.png; sourceTree = "<group>"; };
		1FFB62BA164FC356009BFDC8 /* cell_bottomleft_white.png */ = {isa = PBXFileReference; lastKnownFileType = image.png; path = cell_bottomleft_white.png; sourceTree = "<group>"; };
		1FFB62BB164FC357009BFDC8 /* cell_bottommid_highlight.png */ = {isa = PBXFileReference; lastKnownFileType = image.png; path = cell_bottommid_highlight.png; sourceTree = "<group>"; };
		1FFB62BC164FC357009BFDC8 /* cell_bottommid_white.png */ = {isa = PBXFileReference; lastKnownFileType = image.png; path = cell_bottommid_white.png; sourceTree = "<group>"; };
		1FFB62BD164FC357009BFDC8 /* cell_bottomright_grey.png */ = {isa = PBXFileReference; lastKnownFileType = image.png; path = cell_bottomright_grey.png; sourceTree = "<group>"; };
		1FFB62BE164FC358009BFDC8 /* cell_bottomright_highlight.png */ = {isa = PBXFileReference; lastKnownFileType = image.png; path = cell_bottomright_highlight.png; sourceTree = "<group>"; };
		1FFB62BF164FC358009BFDC8 /* cell_bottomright_white.png */ = {isa = PBXFileReference; lastKnownFileType = image.png; path = cell_bottomright_white.png; sourceTree = "<group>"; };
		1FFB62C0164FC359009BFDC8 /* cell_left_grey.png */ = {isa = PBXFileReference; lastKnownFileType = image.png; path = cell_left_grey.png; sourceTree = "<group>"; };
		1FFB62C1164FC359009BFDC8 /* cell_left_highlight.png */ = {isa = PBXFileReference; lastKnownFileType = image.png; path = cell_left_highlight.png; sourceTree = "<group>"; };
		1FFB62C2164FC35A009BFDC8 /* cell_left_white.png */ = {isa = PBXFileReference; lastKnownFileType = image.png; path = cell_left_white.png; sourceTree = "<group>"; };
		1FFB62C3164FC35A009BFDC8 /* cell_mid_grey.png */ = {isa = PBXFileReference; lastKnownFileType = image.png; path = cell_mid_grey.png; sourceTree = "<group>"; };
		1FFB62C4164FC35A009BFDC8 /* cell_mid_highlight.png */ = {isa = PBXFileReference; lastKnownFileType = image.png; path = cell_mid_highlight.png; sourceTree = "<group>"; };
		1FFB62C5164FC35B009BFDC8 /* cell_mid_white.png */ = {isa = PBXFileReference; lastKnownFileType = image.png; path = cell_mid_white.png; sourceTree = "<group>"; };
		1FFB62C6164FC35B009BFDC8 /* cell_right_grey.png */ = {isa = PBXFileReference; lastKnownFileType = image.png; path = cell_right_grey.png; sourceTree = "<group>"; };
		1FFB62C7164FC35C009BFDC8 /* cell_right_highlight.png */ = {isa = PBXFileReference; lastKnownFileType = image.png; path = cell_right_highlight.png; sourceTree = "<group>"; };
		1FFB62C8164FC35C009BFDC8 /* cell_right_white.png */ = {isa = PBXFileReference; lastKnownFileType = image.png; path = cell_right_white.png; sourceTree = "<group>"; };
		1FFB62C9164FC35C009BFDC8 /* cell_topleft_grey.png */ = {isa = PBXFileReference; lastKnownFileType = image.png; path = cell_topleft_grey.png; sourceTree = "<group>"; };
		1FFB62CA164FC35D009BFDC8 /* cell_topleft_highlight.png */ = {isa = PBXFileReference; lastKnownFileType = image.png; path = cell_topleft_highlight.png; sourceTree = "<group>"; };
		1FFB62CB164FC35D009BFDC8 /* cell_topmid_grey.png */ = {isa = PBXFileReference; lastKnownFileType = image.png; path = cell_topmid_grey.png; sourceTree = "<group>"; };
		1FFB62CC164FC35D009BFDC8 /* cell_topmid_highlight.png */ = {isa = PBXFileReference; lastKnownFileType = image.png; path = cell_topmid_highlight.png; sourceTree = "<group>"; };
		1FFB62CD164FC35D009BFDC8 /* cell_topright_grey.png */ = {isa = PBXFileReference; lastKnownFileType = image.png; path = cell_topright_grey.png; sourceTree = "<group>"; };
		1FFB62CE164FC35E009BFDC8 /* cell_topright_highlight.png */ = {isa = PBXFileReference; lastKnownFileType = image.png; path = cell_topright_highlight.png; sourceTree = "<group>"; };
		1FFB62E7165122B5009BFDC8 /* Role.h */ = {isa = PBXFileReference; fileEncoding = 4; lastKnownFileType = sourcecode.c.h; path = Role.h; sourceTree = "<group>"; };
		1FFB62E8165122B5009BFDC8 /* Role.m */ = {isa = PBXFileReference; fileEncoding = 4; lastKnownFileType = sourcecode.c.objc; path = Role.m; sourceTree = "<group>"; };
		1FFB62EA1653A96F009BFDC8 /* button_delete.png */ = {isa = PBXFileReference; lastKnownFileType = image.png; path = button_delete.png; sourceTree = "<group>"; };
		1FFB62EB1653A96F009BFDC8 /* button_info.png */ = {isa = PBXFileReference; lastKnownFileType = image.png; path = button_info.png; sourceTree = "<group>"; };
		1FFB62EC1653A970009BFDC8 /* button_new.png */ = {isa = PBXFileReference; lastKnownFileType = image.png; path = button_new.png; sourceTree = "<group>"; };
		1FFB62F01653C3C9009BFDC8 /* slider.png */ = {isa = PBXFileReference; lastKnownFileType = image.png; path = slider.png; sourceTree = "<group>"; };
/* End PBXFileReference section */

/* Begin PBXFrameworksBuildPhase section */
		1F40454F15C2B10100805635 /* Frameworks */ = {
			isa = PBXFrameworksBuildPhase;
			buildActionMask = 2147483647;
			files = (
				1F0A860516054A2F0026FA28 /* libxml2.dylib in Frameworks */,
				1F0A86031604AB2F0026FA28 /* SystemConfiguration.framework in Frameworks */,
				1F0A86011604AB210026FA28 /* MobileCoreServices.framework in Frameworks */,
				1F0A85FF1604AB130026FA28 /* CFNetwork.framework in Frameworks */,
				1F0A85D1160457B00026FA28 /* MapKit.framework in Frameworks */,
				1F0A85D2160457B00026FA28 /* QuartzCore.framework in Frameworks */,
				1FC93A9D15D4F46E0004194B /* CoreData.framework in Frameworks */,
				1F40455715C2B10200805635 /* UIKit.framework in Frameworks */,
				1F40455915C2B10200805635 /* Foundation.framework in Frameworks */,
				1F40455B15C2B10200805635 /* CoreGraphics.framework in Frameworks */,
			);
			runOnlyForDeploymentPostprocessing = 0;
		};
		1F40456F15C2B10200805635 /* Frameworks */ = {
			isa = PBXFrameworksBuildPhase;
			buildActionMask = 2147483647;
			files = (
				1F40457515C2B10200805635 /* SenTestingKit.framework in Frameworks */,
				1F40457615C2B10200805635 /* UIKit.framework in Frameworks */,
				1F40457715C2B10200805635 /* Foundation.framework in Frameworks */,
			);
			runOnlyForDeploymentPostprocessing = 0;
		};
/* End PBXFrameworksBuildPhase section */

/* Begin PBXGroup section */
		1F40454715C2B10100805635 = {
			isa = PBXGroup;
			children = (
				1F0A860416054A2F0026FA28 /* libxml2.dylib */,
				1F40455C15C2B10200805635 /* WYSIWYA */,
				1F40457A15C2B10200805635 /* WYSIWYATests */,
				1F40455515C2B10100805635 /* Frameworks */,
				1F40455315C2B10100805635 /* Products */,
			);
			sourceTree = "<group>";
		};
		1F40455315C2B10100805635 /* Products */ = {
			isa = PBXGroup;
			children = (
				1F40455215C2B10100805635 /* WYSIWYA.app */,
				1F40457315C2B10200805635 /* WYSIWYATests.octest */,
			);
			name = Products;
			sourceTree = "<group>";
		};
		1F40455515C2B10100805635 /* Frameworks */ = {
			isa = PBXGroup;
			children = (
				1F0A86021604AB2F0026FA28 /* SystemConfiguration.framework */,
				1F0A86001604AB210026FA28 /* MobileCoreServices.framework */,
				1F0A85FE1604AB130026FA28 /* CFNetwork.framework */,
				1F0A85CF160457B00026FA28 /* MapKit.framework */,
				1F0A85D0160457B00026FA28 /* QuartzCore.framework */,
				1FC93A9C15D4F46E0004194B /* CoreData.framework */,
				1F40455615C2B10200805635 /* UIKit.framework */,
				1F40455815C2B10200805635 /* Foundation.framework */,
				1F40455A15C2B10200805635 /* CoreGraphics.framework */,
				1F40457415C2B10200805635 /* SenTestingKit.framework */,
			);
			name = Frameworks;
			sourceTree = "<group>";
		};
		1F40455C15C2B10200805635 /* WYSIWYA */ = {
			isa = PBXGroup;
			children = (
				1FC93A6515D4E0330004194B /* DataModel.xcdatamodeld */,
				1F40456515C2B10200805635 /* AppDelegate.h */,
				1F40456615C2B10200805635 /* AppDelegate.m */,
				1F40456815C2B10200805635 /* MainStoryboard.storyboard */,
				1FCF5E5815EAFD6B00BA631C /* WYSIWYA-Main.storyboard */,
				1F0A85A615F73ABF0026FA28 /* ProjectStartScreenViewController.h */,
				1F0A85A715F73ABF0026FA28 /* ProjectStartScreenViewController.m */,
				1FC93AA515D698DB0004194B /* CreateProjectViewController.h */,
				1FC93AA615D698DB0004194B /* CreateProjectViewController.m */,
				1F4045A115C68F5600805635 /* ProjectListViewController.h */,
				1F4045A215C68F5600805635 /* ProjectListViewController.m */,
				1FEF04A8161C219B000A9830 /* LoadProgressViewController.h */,
				1FEF04A9161C219B000A9830 /* LoadProgressViewController.m */,
				1F0A85AE15F767140026FA28 /* ImportProjectViewController.h */,
				1F0A85AF15F767140026FA28 /* ImportProjectViewController.m */,
				1F0A85B115F84D1F0026FA28 /* ProjectSettingsViewController.h */,
				1F0A85B215F84D200026FA28 /* ProjectSettingsViewController.m */,
				1F99A8AF16428A5400D3D628 /* TaskListViewController.h */,
				1F99A8B016428A5400D3D628 /* TaskListViewController.m */,
				1F99A8B216428C3500D3D628 /* TaskListTableViewDesign.h */,
				1F99A8B316428C3500D3D628 /* TaskListTableViewDesign.m */,
				1F99A8BE1645363200D3D628 /* TaskDetailViewController.h */,
				1F99A8BF1645363200D3D628 /* TaskDetailViewController.m */,
				1FFB62A8164FB3F6009BFDC8 /* TaskCellView.h */,
				1FFB62A9164FB3F7009BFDC8 /* TaskCellView.m */,
				1F99A8BB1645340600D3D628 /* IndentedUILabel.h */,
				1F99A8BC1645340600D3D628 /* IndentedUILabel.m */,
				1F40455D15C2B10200805635 /* Supporting Files */,
				1FC93AAC15D783030004194B /* ProjectDetailsViewController.h */,
				1FC93AAD15D783030004194B /* ProjectDetailsViewController.m */,
				1FC93AB615D8ADA50004194B /* ProjectResourcesViewController.h */,
				1FC93AB715D8ADA50004194B /* ProjectResourcesViewController.m */,
				1FC93AB915D8ADC30004194B /* ProjectResourcesDetailViewController.h */,
				1FC93ABA15D8ADC30004194B /* ProjectResourcesDetailViewController.m */,
				1FC93AB315D888280004194B /* ProjectTasksDetailViewController.h */,
				1FC93AB415D888280004194B /* ProjectTasksDetailViewController.m */,
				1FC93AB015D8876D0004194B /* ProjectTasksViewController.h */,
				1FC93AB115D8876E0004194B /* ProjectTasksViewController.m */,
				1F40458B15C2BA1A00805635 /* TaskOld.h */,
				1F40458C15C2BA1A00805635 /* TaskOld.m */,
				1FCF5E3515E3204A00BA631C /* Attribute.h */,
				1FCF5E3615E3204B00BA631C /* Attribute.m */,
				1FFB62E7165122B5009BFDC8 /* Role.h */,
				1FFB62E8165122B5009BFDC8 /* Role.m */,
				1FCF5E3215E3202A00BA631C /* Project.h */,
				1FCF5E3315E3202A00BA631C /* Project.m */,
				1FCF5E3B15E3207F00BA631C /* Resource.h */,
				1FCF5E3C15E3207F00BA631C /* Resource.m */,
				1FCF5E4415E3226800BA631C /* ProjectSettings.h */,
				1FCF5E4515E3226800BA631C /* ProjectSettings.m */,
				1FCF5E4715E332D900BA631C /* Task.h */,
				1FCF5E4815E332D900BA631C /* Task.m */,
				1FCF5E4115E3225C00BA631C /* TaskResourceAllocation.h */,
				1FCF5E4215E3225C00BA631C /* TaskResourceAllocation.m */,
				1FCF5E3E15E3224A00BA631C /* TaskAttributeAllocation.h */,
				1FCF5E3F15E3224B00BA631C /* TaskAttributeAllocation.m */,
				1FEF049F161BC34F000A9830 /* RemoteDataController.h */,
				1FEF04A0161BC34F000A9830 /* RemoteDataController.m */,
				1FC93A6215D4B38E0004194B /* CoreDataController.h */,
				1FC93A6315D4B38E0004194B /* CoreDataController.m */,
				1FD0B0E8163E7FEE0030F286 /* SharedData.h */,
				1FD0B0E9163E7FEE0030F286 /* SharedData.m */,
			);
			path = WYSIWYA;
			sourceTree = "<group>";
		};
		1F40455D15C2B10200805635 /* Supporting Files */ = {
			isa = PBXGroup;
			children = (
				1FFB62F01653C3C9009BFDC8 /* slider.png */,
				1FFB62EA1653A96F009BFDC8 /* button_delete.png */,
				1FFB62EB1653A96F009BFDC8 /* button_info.png */,
				1FFB62EC1653A970009BFDC8 /* button_new.png */,
				1FFB62B7164FC356009BFDC8 /* cell_bottmmid_grey.png */,
				1FFB62B8164FC356009BFDC8 /* cell_bottomleft_grey.png */,
				1FFB62B9164FC356009BFDC8 /* cell_bottomleft_highlight.png */,
				1FFB62BA164FC356009BFDC8 /* cell_bottomleft_white.png */,
				1FFB62BB164FC357009BFDC8 /* cell_bottommid_highlight.png */,
				1FFB62BC164FC357009BFDC8 /* cell_bottommid_white.png */,
				1FFB62BD164FC357009BFDC8 /* cell_bottomright_grey.png */,
				1FFB62BE164FC358009BFDC8 /* cell_bottomright_highlight.png */,
				1FFB62BF164FC358009BFDC8 /* cell_bottomright_white.png */,
				1FFB62C0164FC359009BFDC8 /* cell_left_grey.png */,
				1FFB62C1164FC359009BFDC8 /* cell_left_highlight.png */,
				1FFB62C2164FC35A009BFDC8 /* cell_left_white.png */,
				1FFB62C3164FC35A009BFDC8 /* cell_mid_grey.png */,
				1FFB62C4164FC35A009BFDC8 /* cell_mid_highlight.png */,
				1FFB62C5164FC35B009BFDC8 /* cell_mid_white.png */,
				1FFB62C6164FC35B009BFDC8 /* cell_right_grey.png */,
				1FFB62C7164FC35C009BFDC8 /* cell_right_highlight.png */,
				1FFB62C8164FC35C009BFDC8 /* cell_right_white.png */,
				1FFB62C9164FC35C009BFDC8 /* cell_topleft_grey.png */,
				1FFB62CA164FC35D009BFDC8 /* cell_topleft_highlight.png */,
				1FFB62CB164FC35D009BFDC8 /* cell_topmid_grey.png */,
				1FFB62CC164FC35D009BFDC8 /* cell_topmid_highlight.png */,
				1FFB62CD164FC35D009BFDC8 /* cell_topright_grey.png */,
				1FFB62CE164FC35E009BFDC8 /* cell_topright_highlight.png */,
				1FFB62AB164FBB00009BFDC8 /* icon_status_amber.png */,
				1FFB62AC164FBB00009BFDC8 /* icon_status_checked.png */,
				1FFB62AD164FBB00009BFDC8 /* icon_status_darkred.png */,
				1FFB62AE164FBB00009BFDC8 /* icon_status_green.png */,
				1FFB62AF164FBB01009BFDC8 /* icon_status_grey.png */,
				1FFB62B0164FBB01009BFDC8 /* icon_status_red.png */,
				1F99A8D01647D9FE00D3D628 /* background_task_details.png */,
				1F99A8CB164687CA00D3D628 /* checkbox_ticked.png */,
				1F99A8CC164687CA00D3D628 /* checkbox_unticked.png */,
				1F99A8C81646373000D3D628 /* background_create_project.png */,
				1FCF5E4E15E60BF600BA631C /* import_project.png */,
				1FCF5E4F15E60BF700BA631C /* new_project.png */,
				1FCF5E5015E60BF900BA631C /* open_project.png */,
				1FF697D515DDEE45004C3749 /* people_icon.png */,
				1FF697D615DDEE45004C3749 /* tasks_icon.png */,
				1FF697C715DD1E0F004C3749 /* wysiwya_logo.png */,
				1FF697C815DD1E0F004C3749 /* checked_light.png */,
				1FF697C915DD1E0F004C3749 /* darkred_light.png */,
				1FF697CA15DD1E0F004C3749 /* grey_light.png */,
				1FF697CB15DD1E0F004C3749 /* red_light.png */,
				1FF697CC15DD1E0F004C3749 /* amber_light.png */,
				1FF697CD15DD1E0F004C3749 /* green_light.png */,
				1F40459915C60AF900805635 /* project_plan.xml */,
				1F40455E15C2B10200805635 /* WYSIWYA-Info.plist */,
				1F40455F15C2B10200805635 /* InfoPlist.strings */,
				1F40456215C2B10200805635 /* main.m */,
				1F40456415C2B10200805635 /* WYSIWYA-Prefix.pch */,
			);
			name = "Supporting Files";
			sourceTree = "<group>";
		};
		1F40457A15C2B10200805635 /* WYSIWYATests */ = {
			isa = PBXGroup;
			children = (
				1F40458015C2B10200805635 /* WYSIWYATests.h */,
				1F40458115C2B10200805635 /* WYSIWYATests.m */,
				1F40457B15C2B10200805635 /* Supporting Files */,
			);
			path = WYSIWYATests;
			sourceTree = "<group>";
		};
		1F40457B15C2B10200805635 /* Supporting Files */ = {
			isa = PBXGroup;
			children = (
				1F40457C15C2B10200805635 /* WYSIWYATests-Info.plist */,
				1F40457D15C2B10200805635 /* InfoPlist.strings */,
			);
			name = "Supporting Files";
			sourceTree = "<group>";
		};
/* End PBXGroup section */

/* Begin PBXNativeTarget section */
		1F40455115C2B10100805635 /* WYSIWYA */ = {
			isa = PBXNativeTarget;
			buildConfigurationList = 1F40458515C2B10200805635 /* Build configuration list for PBXNativeTarget "WYSIWYA" */;
			buildPhases = (
				1F40454E15C2B10100805635 /* Sources */,
				1F40454F15C2B10100805635 /* Frameworks */,
				1F40455015C2B10100805635 /* Resources */,
			);
			buildRules = (
			);
			dependencies = (
			);
			name = WYSIWYA;
			productName = WYSIWYA;
			productReference = 1F40455215C2B10100805635 /* WYSIWYA.app */;
			productType = "com.apple.product-type.application";
		};
		1F40457215C2B10200805635 /* WYSIWYATests */ = {
			isa = PBXNativeTarget;
			buildConfigurationList = 1F40458815C2B10200805635 /* Build configuration list for PBXNativeTarget "WYSIWYATests" */;
			buildPhases = (
				1F40456E15C2B10200805635 /* Sources */,
				1F40456F15C2B10200805635 /* Frameworks */,
				1F40457015C2B10200805635 /* Resources */,
				1F40457115C2B10200805635 /* ShellScript */,
			);
			buildRules = (
			);
			dependencies = (
				1F40457915C2B10200805635 /* PBXTargetDependency */,
			);
			name = WYSIWYATests;
			productName = WYSIWYATests;
			productReference = 1F40457315C2B10200805635 /* WYSIWYATests.octest */;
			productType = "com.apple.product-type.bundle";
		};
/* End PBXNativeTarget section */

/* Begin PBXProject section */
		1F40454915C2B10100805635 /* Project object */ = {
			isa = PBXProject;
			attributes = {
				LastUpgradeCheck = 0440;
				ORGANIZATIONNAME = "Fabian Henckmann";
			};
			buildConfigurationList = 1F40454C15C2B10100805635 /* Build configuration list for PBXProject "WYSIWYA" */;
			compatibilityVersion = "Xcode 3.2";
			developmentRegion = English;
			hasScannedForEncodings = 0;
			knownRegions = (
				en,
			);
			mainGroup = 1F40454715C2B10100805635;
			productRefGroup = 1F40455315C2B10100805635 /* Products */;
			projectDirPath = "";
			projectRoot = "";
			targets = (
				1F40455115C2B10100805635 /* WYSIWYA */,
				1F40457215C2B10200805635 /* WYSIWYATests */,
			);
		};
/* End PBXProject section */

/* Begin PBXResourcesBuildPhase section */
		1F40455015C2B10100805635 /* Resources */ = {
			isa = PBXResourcesBuildPhase;
			buildActionMask = 2147483647;
			files = (
				1F40456115C2B10200805635 /* InfoPlist.strings in Resources */,
				1F40456A15C2B10200805635 /* MainStoryboard.storyboard in Resources */,
				1F40459A15C60AF900805635 /* project_plan.xml in Resources */,
				1FF697CE15DD1E0F004C3749 /* wysiwya_logo.png in Resources */,
				1FF697CF15DD1E0F004C3749 /* checked_light.png in Resources */,
				1FF697D015DD1E0F004C3749 /* darkred_light.png in Resources */,
				1FF697D115DD1E0F004C3749 /* grey_light.png in Resources */,
				1FF697D215DD1E0F004C3749 /* red_light.png in Resources */,
				1FF697D315DD1E0F004C3749 /* amber_light.png in Resources */,
				1FF697D415DD1E0F004C3749 /* green_light.png in Resources */,
				1FF697D715DDEE45004C3749 /* people_icon.png in Resources */,
				1FF697D815DDEE45004C3749 /* tasks_icon.png in Resources */,
				1FCF5E5515E60BFB00BA631C /* import_project.png in Resources */,
				1FCF5E5615E60BFB00BA631C /* new_project.png in Resources */,
				1FCF5E5715E60BFB00BA631C /* open_project.png in Resources */,
				1FCF5E5915EAFD6D00BA631C /* WYSIWYA-Main.storyboard in Resources */,
				1F99A8C91646373000D3D628 /* background_create_project.png in Resources */,
				1F99A8CE164687CA00D3D628 /* checkbox_ticked.png in Resources */,
				1F99A8CF164687CA00D3D628 /* checkbox_unticked.png in Resources */,
				1F99A8D11647D9FE00D3D628 /* background_task_details.png in Resources */,
				1FFB62B1164FBB02009BFDC8 /* icon_status_amber.png in Resources */,
				1FFB62B2164FBB02009BFDC8 /* icon_status_checked.png in Resources */,
				1FFB62B3164FBB02009BFDC8 /* icon_status_darkred.png in Resources */,
				1FFB62B4164FBB02009BFDC8 /* icon_status_green.png in Resources */,
				1FFB62B5164FBB02009BFDC8 /* icon_status_grey.png in Resources */,
				1FFB62B6164FBB02009BFDC8 /* icon_status_red.png in Resources */,
				1FFB62CF164FC35E009BFDC8 /* cell_bottmmid_grey.png in Resources */,
				1FFB62D0164FC35E009BFDC8 /* cell_bottomleft_grey.png in Resources */,
				1FFB62D1164FC35E009BFDC8 /* cell_bottomleft_highlight.png in Resources */,
				1FFB62D2164FC35E009BFDC8 /* cell_bottomleft_white.png in Resources */,
				1FFB62D3164FC35E009BFDC8 /* cell_bottommid_highlight.png in Resources */,
				1FFB62D4164FC35E009BFDC8 /* cell_bottommid_white.png in Resources */,
				1FFB62D5164FC35E009BFDC8 /* cell_bottomright_grey.png in Resources */,
				1FFB62D6164FC35E009BFDC8 /* cell_bottomright_highlight.png in Resources */,
				1FFB62D7164FC35E009BFDC8 /* cell_bottomright_white.png in Resources */,
				1FFB62D8164FC35E009BFDC8 /* cell_left_grey.png in Resources */,
				1FFB62D9164FC35E009BFDC8 /* cell_left_highlight.png in Resources */,
				1FFB62DA164FC35E009BFDC8 /* cell_left_white.png in Resources */,
				1FFB62DB164FC35E009BFDC8 /* cell_mid_grey.png in Resources */,
				1FFB62DC164FC35E009BFDC8 /* cell_mid_highlight.png in Resources */,
				1FFB62DD164FC35E009BFDC8 /* cell_mid_white.png in Resources */,
				1FFB62DE164FC35E009BFDC8 /* cell_right_grey.png in Resources */,
				1FFB62DF164FC35E009BFDC8 /* cell_right_highlight.png in Resources */,
				1FFB62E0164FC35E009BFDC8 /* cell_right_white.png in Resources */,
				1FFB62E1164FC35E009BFDC8 /* cell_topleft_grey.png in Resources */,
				1FFB62E2164FC35E009BFDC8 /* cell_topleft_highlight.png in Resources */,
				1FFB62E3164FC35E009BFDC8 /* cell_topmid_grey.png in Resources */,
				1FFB62E4164FC35E009BFDC8 /* cell_topmid_highlight.png in Resources */,
				1FFB62E5164FC35E009BFDC8 /* cell_topright_grey.png in Resources */,
				1FFB62E6164FC35E009BFDC8 /* cell_topright_highlight.png in Resources */,
				1FFB62ED1653A971009BFDC8 /* button_delete.png in Resources */,
				1FFB62EE1653A971009BFDC8 /* button_info.png in Resources */,
				1FFB62EF1653A971009BFDC8 /* button_new.png in Resources */,
				1FFB62F11653C3C9009BFDC8 /* slider.png in Resources */,
			);
			runOnlyForDeploymentPostprocessing = 0;
		};
		1F40457015C2B10200805635 /* Resources */ = {
			isa = PBXResourcesBuildPhase;
			buildActionMask = 2147483647;
			files = (
				1F40457F15C2B10200805635 /* InfoPlist.strings in Resources */,
			);
			runOnlyForDeploymentPostprocessing = 0;
		};
/* End PBXResourcesBuildPhase section */

/* Begin PBXShellScriptBuildPhase section */
		1F40457115C2B10200805635 /* ShellScript */ = {
			isa = PBXShellScriptBuildPhase;
			buildActionMask = 2147483647;
			files = (
			);
			inputPaths = (
			);
			outputPaths = (
			);
			runOnlyForDeploymentPostprocessing = 0;
			shellPath = /bin/sh;
			shellScript = "# Run the unit tests in this test bundle.\n\"${SYSTEM_DEVELOPER_DIR}/Tools/RunUnitTests\"\n";
		};
/* End PBXShellScriptBuildPhase section */

/* Begin PBXSourcesBuildPhase section */
		1F40454E15C2B10100805635 /* Sources */ = {
			isa = PBXSourcesBuildPhase;
			buildActionMask = 2147483647;
			files = (
				1F40456315C2B10200805635 /* main.m in Sources */,
				1F40456715C2B10200805635 /* AppDelegate.m in Sources */,
				1F40458D15C2BA1A00805635 /* TaskOld.m in Sources */,
				1F4045A315C68F5600805635 /* ProjectListViewController.m in Sources */,
				1FC93A6415D4B38E0004194B /* CoreDataController.m in Sources */,
				1FC93A6715D4E0330004194B /* DataModel.xcdatamodeld in Sources */,
				1FC93AA715D698DB0004194B /* CreateProjectViewController.m in Sources */,
				1FC93AAE15D783030004194B /* ProjectDetailsViewController.m in Sources */,
				1FC93AB215D8876E0004194B /* ProjectTasksViewController.m in Sources */,
				1FC93AB515D888280004194B /* ProjectTasksDetailViewController.m in Sources */,
				1FC93AB815D8ADA50004194B /* ProjectResourcesViewController.m in Sources */,
				1FC93ABB15D8ADC30004194B /* ProjectResourcesDetailViewController.m in Sources */,
				1FCF5E3415E3202B00BA631C /* Project.m in Sources */,
				1FCF5E3715E3205000BA631C /* Attribute.m in Sources */,
				1FCF5E3D15E3208000BA631C /* Resource.m in Sources */,
				1FCF5E4015E3224B00BA631C /* TaskAttributeAllocation.m in Sources */,
				1FCF5E4315E3225D00BA631C /* TaskResourceAllocation.m in Sources */,
				1FCF5E4615E3226800BA631C /* ProjectSettings.m in Sources */,
				1FCF5E4915E332DA00BA631C /* Task.m in Sources */,
				1F0A85A815F73ABF0026FA28 /* ProjectStartScreenViewController.m in Sources */,
				1F0A85B015F767140026FA28 /* ImportProjectViewController.m in Sources */,
				1F0A85B315F84D200026FA28 /* ProjectSettingsViewController.m in Sources */,
				1FEF04A1161BC34F000A9830 /* RemoteDataController.m in Sources */,
				1FEF04AA161C219B000A9830 /* LoadProgressViewController.m in Sources */,
				1FD0B0EA163E7FEE0030F286 /* SharedData.m in Sources */,
				1F99A8B116428A5400D3D628 /* TaskListViewController.m in Sources */,
				1F99A8B416428C3500D3D628 /* TaskListTableViewDesign.m in Sources */,
				1F99A8BD1645340600D3D628 /* IndentedUILabel.m in Sources */,
				1F99A8C01645363200D3D628 /* TaskDetailViewController.m in Sources */,
				1FFB62AA164FB3F7009BFDC8 /* TaskCellView.m in Sources */,
				1FFB62E9165122B6009BFDC8 /* Role.m in Sources */,
			);
			runOnlyForDeploymentPostprocessing = 0;
		};
		1F40456E15C2B10200805635 /* Sources */ = {
			isa = PBXSourcesBuildPhase;
			buildActionMask = 2147483647;
			files = (
				1F40458215C2B10200805635 /* WYSIWYATests.m in Sources */,
			);
			runOnlyForDeploymentPostprocessing = 0;
		};
/* End PBXSourcesBuildPhase section */

/* Begin PBXTargetDependency section */
		1F40457915C2B10200805635 /* PBXTargetDependency */ = {
			isa = PBXTargetDependency;
			target = 1F40455115C2B10100805635 /* WYSIWYA */;
			targetProxy = 1F40457815C2B10200805635 /* PBXContainerItemProxy */;
		};
/* End PBXTargetDependency section */

/* Begin PBXVariantGroup section */
		1F40455F15C2B10200805635 /* InfoPlist.strings */ = {
			isa = PBXVariantGroup;
			children = (
				1F40456015C2B10200805635 /* en */,
			);
			name = InfoPlist.strings;
			sourceTree = "<group>";
		};
		1F40456815C2B10200805635 /* MainStoryboard.storyboard */ = {
			isa = PBXVariantGroup;
			children = (
				1F40456915C2B10200805635 /* en */,
			);
			name = MainStoryboard.storyboard;
			sourceTree = "<group>";
		};
		1F40457D15C2B10200805635 /* InfoPlist.strings */ = {
			isa = PBXVariantGroup;
			children = (
				1F40457E15C2B10200805635 /* en */,
			);
			name = InfoPlist.strings;
			sourceTree = "<group>";
		};
/* End PBXVariantGroup section */

/* Begin XCBuildConfiguration section */
		1F40458315C2B10200805635 /* Debug */ = {
			isa = XCBuildConfiguration;
			buildSettings = {
				ALWAYS_SEARCH_USER_PATHS = NO;
				ARCHS = "$(ARCHS_STANDARD_32_BIT)";
				CLANG_CXX_LANGUAGE_STANDARD = "gnu++0x";
				CLANG_ENABLE_OBJC_ARC = YES;
				CLANG_WARN__DUPLICATE_METHOD_MATCH = YES;
				"CODE_SIGN_IDENTITY[sdk=iphoneos*]" = "iPhone Developer";
				COPY_PHASE_STRIP = NO;
				GCC_C_LANGUAGE_STANDARD = gnu99;
				GCC_DYNAMIC_NO_PIC = NO;
				GCC_OPTIMIZATION_LEVEL = 0;
				GCC_PREPROCESSOR_DEFINITIONS = (
					"DEBUG=1",
					"$(inherited)",
				);
				GCC_SYMBOLS_PRIVATE_EXTERN = NO;
				GCC_VERSION = com.apple.compilers.llvm.clang.1_0;
				GCC_WARN_ABOUT_RETURN_TYPE = YES;
				GCC_WARN_UNINITIALIZED_AUTOS = YES;
				GCC_WARN_UNUSED_VARIABLE = YES;
				IPHONEOS_DEPLOYMENT_TARGET = 5.1;
				SDKROOT = iphoneos;
				TARGETED_DEVICE_FAMILY = 2;
			};
			name = Debug;
		};
		1F40458415C2B10200805635 /* Release */ = {
			isa = XCBuildConfiguration;
			buildSettings = {
				ALWAYS_SEARCH_USER_PATHS = NO;
				ARCHS = "$(ARCHS_STANDARD_32_BIT)";
				CLANG_CXX_LANGUAGE_STANDARD = "gnu++0x";
				CLANG_ENABLE_OBJC_ARC = YES;
				CLANG_WARN__DUPLICATE_METHOD_MATCH = YES;
				"CODE_SIGN_IDENTITY[sdk=iphoneos*]" = "iPhone Developer";
				COPY_PHASE_STRIP = YES;
				GCC_C_LANGUAGE_STANDARD = gnu99;
				GCC_VERSION = com.apple.compilers.llvm.clang.1_0;
				GCC_WARN_ABOUT_RETURN_TYPE = YES;
				GCC_WARN_UNINITIALIZED_AUTOS = YES;
				GCC_WARN_UNUSED_VARIABLE = YES;
				IPHONEOS_DEPLOYMENT_TARGET = 5.1;
				OTHER_CFLAGS = "-DNS_BLOCK_ASSERTIONS=1";
				SDKROOT = iphoneos;
				TARGETED_DEVICE_FAMILY = 2;
				VALIDATE_PRODUCT = YES;
			};
			name = Release;
		};
		1F40458615C2B10200805635 /* Debug */ = {
			isa = XCBuildConfiguration;
			buildSettings = {
				GCC_PRECOMPILE_PREFIX_HEADER = YES;
				GCC_PREFIX_HEADER = "WYSIWYA/WYSIWYA-Prefix.pch";
				"HEADER_SEARCH_PATHS[arch=*]" = /Users/fabian/Developments/tapkulibrary/src;
				INFOPLIST_FILE = "WYSIWYA/WYSIWYA-Info.plist";
				IPHONEOS_DEPLOYMENT_TARGET = 5.0;
				"OTHER_LDFLAGS[arch=*]" = (
					"-all_load",
					"-ObjC",
				);
				PRODUCT_NAME = "$(TARGET_NAME)";
				TARGETED_DEVICE_FAMILY = 2;
				WRAPPER_EXTENSION = app;
			};
			name = Debug;
		};
		1F40458715C2B10200805635 /* Release */ = {
			isa = XCBuildConfiguration;
			buildSettings = {
				GCC_PRECOMPILE_PREFIX_HEADER = YES;
				GCC_PREFIX_HEADER = "WYSIWYA/WYSIWYA-Prefix.pch";
				INFOPLIST_FILE = "WYSIWYA/WYSIWYA-Info.plist";
				IPHONEOS_DEPLOYMENT_TARGET = 5.0;
				PRODUCT_NAME = "$(TARGET_NAME)";
				TARGETED_DEVICE_FAMILY = 2;
				WRAPPER_EXTENSION = app;
			};
			name = Release;
		};
		1F40458915C2B10200805635 /* Debug */ = {
			isa = XCBuildConfiguration;
			buildSettings = {
				BUNDLE_LOADER = "$(BUILT_PRODUCTS_DIR)/WYSIWYA.app/WYSIWYA";
				FRAMEWORK_SEARCH_PATHS = (
					"\"$(SDKROOT)/Developer/Library/Frameworks\"",
					"\"$(DEVELOPER_LIBRARY_DIR)/Frameworks\"",
				);
				GCC_PRECOMPILE_PREFIX_HEADER = YES;
				GCC_PREFIX_HEADER = "WYSIWYA/WYSIWYA-Prefix.pch";
				INFOPLIST_FILE = "WYSIWYATests/WYSIWYATests-Info.plist";
				PRODUCT_NAME = "$(TARGET_NAME)";
				TEST_HOST = "$(BUNDLE_LOADER)";
				WRAPPER_EXTENSION = octest;
			};
			name = Debug;
		};
		1F40458A15C2B10200805635 /* Release */ = {
			isa = XCBuildConfiguration;
			buildSettings = {
				BUNDLE_LOADER = "$(BUILT_PRODUCTS_DIR)/WYSIWYA.app/WYSIWYA";
				FRAMEWORK_SEARCH_PATHS = (
					"\"$(SDKROOT)/Developer/Library/Frameworks\"",
					"\"$(DEVELOPER_LIBRARY_DIR)/Frameworks\"",
				);
				GCC_PRECOMPILE_PREFIX_HEADER = YES;
				GCC_PREFIX_HEADER = "WYSIWYA/WYSIWYA-Prefix.pch";
				INFOPLIST_FILE = "WYSIWYATests/WYSIWYATests-Info.plist";
				PRODUCT_NAME = "$(TARGET_NAME)";
				TEST_HOST = "$(BUNDLE_LOADER)";
				WRAPPER_EXTENSION = octest;
			};
			name = Release;
		};
/* End XCBuildConfiguration section */

/* Begin XCConfigurationList section */
		1F40454C15C2B10100805635 /* Build configuration list for PBXProject "WYSIWYA" */ = {
			isa = XCConfigurationList;
			buildConfigurations = (
				1F40458315C2B10200805635 /* Debug */,
				1F40458415C2B10200805635 /* Release */,
			);
			defaultConfigurationIsVisible = 0;
			defaultConfigurationName = Release;
		};
		1F40458515C2B10200805635 /* Build configuration list for PBXNativeTarget "WYSIWYA" */ = {
			isa = XCConfigurationList;
			buildConfigurations = (
				1F40458615C2B10200805635 /* Debug */,
				1F40458715C2B10200805635 /* Release */,
			);
			defaultConfigurationIsVisible = 0;
			defaultConfigurationName = Release;
		};
		1F40458815C2B10200805635 /* Build configuration list for PBXNativeTarget "WYSIWYATests" */ = {
			isa = XCConfigurationList;
			buildConfigurations = (
				1F40458915C2B10200805635 /* Debug */,
				1F40458A15C2B10200805635 /* Release */,
			);
			defaultConfigurationIsVisible = 0;
			defaultConfigurationName = Release;
		};
/* End XCConfigurationList section */

/* Begin XCVersionGroup section */
		1FC93A6515D4E0330004194B /* DataModel.xcdatamodeld */ = {
			isa = XCVersionGroup;
			children = (
				1FC93A6615D4E0330004194B /* DataModel.xcdatamodel */,
			);
			currentVersion = 1FC93A6615D4E0330004194B /* DataModel.xcdatamodel */;
			name = DataModel.xcdatamodeld;
			path = ../DataModel.xcdatamodeld;
			sourceTree = "<group>";
			versionGroupType = wrapper.xcdatamodel;
		};
/* End XCVersionGroup section */
	};
	rootObject = 1F40454915C2B10100805635 /* Project object */;
}
